
Microsoft Visual Studio Solution File, Format Version 12.00
# Visual Studio Version 16
VisualStudioVersion = 16.0.30907.101
MinimumVisualStudioVersion = 15.0.26124.0
Project("{9A19103F-16F7-4668-BE54-9A1E7A4F7556}") = "blastcms.web", "blastcms.web\blastcms.web.csproj", "{BADE0B1A-3E8D-4A84-AE73-E1686C275B8D}"
EndProject
Project("{9A19103F-16F7-4668-BE54-9A1E7A4F7556}") = "blastcms.web.tests", "blastcms.web.tests\blastcms.web.tests.csproj", "{B1525A1F-D892-4CA8-8BE4-F1D43AC60940}"
EndProject
Project("{FAE04EC0-301F-11D3-BF4B-00C04F79EFBC}") = "blastcms.ArticleScanService", "blastcms.ArticleScanService\blastcms.ArticleScanService.csproj", "{ED0D797B-991B-4127-BF2B-8AFDA67B7B54}"
EndProject
Global
	GlobalSection(SolutionConfigurationPlatforms) = preSolution
		Debug|Any CPU = Debug|Any CPU
		Debug|x64 = Debug|x64
		Debug|x86 = Debug|x86
		Release|Any CPU = Release|Any CPU
		Release|x64 = Release|x64
		Release|x86 = Release|x86
	EndGlobalSection
	GlobalSection(ProjectConfigurationPlatforms) = postSolution
		{BADE0B1A-3E8D-4A84-AE73-E1686C275B8D}.Debug|Any CPU.ActiveCfg = Debug|Any CPU
		{BADE0B1A-3E8D-4A84-AE73-E1686C275B8D}.Debug|Any CPU.Build.0 = Debug|Any CPU
		{BADE0B1A-3E8D-4A84-AE73-E1686C275B8D}.Debug|x64.ActiveCfg = Debug|Any CPU
		{BADE0B1A-3E8D-4A84-AE73-E1686C275B8D}.Debug|x64.Build.0 = Debug|Any CPU
		{BADE0B1A-3E8D-4A84-AE73-E1686C275B8D}.Debug|x86.ActiveCfg = Debug|Any CPU
		{BADE0B1A-3E8D-4A84-AE73-E1686C275B8D}.Debug|x86.Build.0 = Debug|Any CPU
		{BADE0B1A-3E8D-4A84-AE73-E1686C275B8D}.Release|Any CPU.ActiveCfg = Release|Any CPU
		{BADE0B1A-3E8D-4A84-AE73-E1686C275B8D}.Release|Any CPU.Build.0 = Release|Any CPU
		{BADE0B1A-3E8D-4A84-AE73-E1686C275B8D}.Release|x64.ActiveCfg = Release|Any CPU
		{BADE0B1A-3E8D-4A84-AE73-E1686C275B8D}.Release|x64.Build.0 = Release|Any CPU
		{BADE0B1A-3E8D-4A84-AE73-E1686C275B8D}.Release|x86.ActiveCfg = Release|Any CPU
		{BADE0B1A-3E8D-4A84-AE73-E1686C275B8D}.Release|x86.Build.0 = Release|Any CPU
		{B1525A1F-D892-4CA8-8BE4-F1D43AC60940}.Debug|Any CPU.ActiveCfg = Debug|Any CPU
		{B1525A1F-D892-4CA8-8BE4-F1D43AC60940}.Debug|Any CPU.Build.0 = Debug|Any CPU
		{B1525A1F-D892-4CA8-8BE4-F1D43AC60940}.Debug|x64.ActiveCfg = Debug|Any CPU
		{B1525A1F-D892-4CA8-8BE4-F1D43AC60940}.Debug|x64.Build.0 = Debug|Any CPU
		{B1525A1F-D892-4CA8-8BE4-F1D43AC60940}.Debug|x86.ActiveCfg = Debug|Any CPU
		{B1525A1F-D892-4CA8-8BE4-F1D43AC60940}.Debug|x86.Build.0 = Debug|Any CPU
		{B1525A1F-D892-4CA8-8BE4-F1D43AC60940}.Release|Any CPU.ActiveCfg = Release|Any CPU
		{B1525A1F-D892-4CA8-8BE4-F1D43AC60940}.Release|Any CPU.Build.0 = Release|Any CPU
		{B1525A1F-D892-4CA8-8BE4-F1D43AC60940}.Release|x64.ActiveCfg = Release|Any CPU
		{B1525A1F-D892-4CA8-8BE4-F1D43AC60940}.Release|x64.Build.0 = Release|Any CPU
		{B1525A1F-D892-4CA8-8BE4-F1D43AC60940}.Release|x86.ActiveCfg = Release|Any CPU
		{B1525A1F-D892-4CA8-8BE4-F1D43AC60940}.Release|x86.Build.0 = Release|Any CPU
		{ED0D797B-991B-4127-BF2B-8AFDA67B7B54}.Debug|Any CPU.ActiveCfg = Debug|Any CPU
		{ED0D797B-991B-4127-BF2B-8AFDA67B7B54}.Debug|Any CPU.Build.0 = Debug|Any CPU
		{ED0D797B-991B-4127-BF2B-8AFDA67B7B54}.Debug|x64.ActiveCfg = Debug|Any CPU
		{ED0D797B-991B-4127-BF2B-8AFDA67B7B54}.Debug|x64.Build.0 = Debug|Any CPU
		{ED0D797B-991B-4127-BF2B-8AFDA67B7B54}.Debug|x86.ActiveCfg = Debug|Any CPU
		{ED0D797B-991B-4127-BF2B-8AFDA67B7B54}.Debug|x86.Build.0 = Debug|Any CPU
		{ED0D797B-991B-4127-BF2B-8AFDA67B7B54}.Release|Any CPU.ActiveCfg = Release|Any CPU
		{ED0D797B-991B-4127-BF2B-8AFDA67B7B54}.Release|Any CPU.Build.0 = Release|Any CPU
		{ED0D797B-991B-4127-BF2B-8AFDA67B7B54}.Release|x64.ActiveCfg = Release|Any CPU
		{ED0D797B-991B-4127-BF2B-8AFDA67B7B54}.Release|x64.Build.0 = Release|Any CPU
		{ED0D797B-991B-4127-BF2B-8AFDA67B7B54}.Release|x86.ActiveCfg = Release|Any CPU
		{ED0D797B-991B-4127-BF2B-8AFDA67B7B54}.Release|x86.Build.0 = Release|Any CPU
	EndGlobalSection
	GlobalSection(SolutionProperties) = preSolution
		HideSolutionNode = FALSE
	EndGlobalSection
	GlobalSection(ExtensibilityGlobals) = postSolution
		SolutionGuid = {6EC67299-B72F-4C5A-AACA-93C175504601}
	EndGlobalSection
EndGlobal
